// !$*UTF8*$!
{
	archiveVersion = 1;
	classes = {
	};
	objectVersion = 46;
	objects = {

/* Begin PBXBuildFile section */
		0BF0FC5E08EF294CB2A526B3 /* Pods_Bloodhoof.framework in Frameworks */ = {isa = PBXBuildFile; fileRef = 0BEE2197039514B9ABAF68B0 /* Pods_Bloodhoof.framework */; };
		9277570C1F22C9B800A3AF56 /* Set.swift in Sources */ = {isa = PBXBuildFile; fileRef = 9277570B1F22C9B800A3AF56 /* Set.swift */; };
		9277571A1F280D5A00A3AF56 /* ProfileMainVC.swift in Sources */ = {isa = PBXBuildFile; fileRef = 927757191F280D5A00A3AF56 /* ProfileMainVC.swift */; };
		9277571C1F29075D00A3AF56 /* MainTabBarController.swift in Sources */ = {isa = PBXBuildFile; fileRef = 9277571B1F29075D00A3AF56 /* MainTabBarController.swift */; };
		9277571E1F29506C00A3AF56 /* WorkoutTypeVC.swift in Sources */ = {isa = PBXBuildFile; fileRef = 9277571D1F29506C00A3AF56 /* WorkoutTypeVC.swift */; };
		927757261F2BB2C100A3AF56 /* WorkoutPlanChoiceVC.swift in Sources */ = {isa = PBXBuildFile; fileRef = 927757251F2BB2C100A3AF56 /* WorkoutPlanChoiceVC.swift */; };
		D34694CE1F256B8000921A7D /* DashboardVM.swift in Sources */ = {isa = PBXBuildFile; fileRef = D34694CD1F256B8000921A7D /* DashboardVM.swift */; };
		D37344561EFF78BE001939A7 /* AppDelegate.swift in Sources */ = {isa = PBXBuildFile; fileRef = D37344551EFF78BE001939A7 /* AppDelegate.swift */; };
		D37344581EFF78BE001939A7 /* DashboardVC.swift in Sources */ = {isa = PBXBuildFile; fileRef = D37344571EFF78BE001939A7 /* DashboardVC.swift */; };
		D373445B1EFF78BE001939A7 /* Main.storyboard in Resources */ = {isa = PBXBuildFile; fileRef = D37344591EFF78BE001939A7 /* Main.storyboard */; };
		D373445E1EFF78BE001939A7 /* Bloodhoof.xcdatamodeld in Sources */ = {isa = PBXBuildFile; fileRef = D373445C1EFF78BE001939A7 /* Bloodhoof.xcdatamodeld */; };
		D37344601EFF78BE001939A7 /* Assets.xcassets in Resources */ = {isa = PBXBuildFile; fileRef = D373445F1EFF78BE001939A7 /* Assets.xcassets */; };
		D37344631EFF78BE001939A7 /* LaunchScreen.storyboard in Resources */ = {isa = PBXBuildFile; fileRef = D37344611EFF78BE001939A7 /* LaunchScreen.storyboard */; };
		D373446E1EFF78BE001939A7 /* BloodhoofTests.swift in Sources */ = {isa = PBXBuildFile; fileRef = D373446D1EFF78BE001939A7 /* BloodhoofTests.swift */; };
		D37344791EFF78BE001939A7 /* BloodhoofUITests.swift in Sources */ = {isa = PBXBuildFile; fileRef = D37344781EFF78BE001939A7 /* BloodhoofUITests.swift */; };
		D3A399601F239AEE0079F6E5 /* Exercise.swift in Sources */ = {isa = PBXBuildFile; fileRef = D3A3995F1F239AEE0079F6E5 /* Exercise.swift */; };
		D3A399631F239C010079F6E5 /* Constants.swift in Sources */ = {isa = PBXBuildFile; fileRef = D3A399621F239C010079F6E5 /* Constants.swift */; };
		D3A399651F24C0030079F6E5 /* Body.swift in Sources */ = {isa = PBXBuildFile; fileRef = D3A399641F24C0030079F6E5 /* Body.swift */; };
		D3A3996A1F261F5E0079F6E5 /* NewWorkoutVC.swift in Sources */ = {isa = PBXBuildFile; fileRef = D3A399691F261F5E0079F6E5 /* NewWorkoutVC.swift */; };
		D3A399721F28CD2B0079F6E5 /* NewWorkoutVM.swift in Sources */ = {isa = PBXBuildFile; fileRef = D3A399711F28CD2B0079F6E5 /* NewWorkoutVM.swift */; };
/* End PBXBuildFile section */

/* Begin PBXContainerItemProxy section */
		D373446A1EFF78BE001939A7 /* PBXContainerItemProxy */ = {
			isa = PBXContainerItemProxy;
			containerPortal = D373444A1EFF78BE001939A7 /* Project object */;
			proxyType = 1;
			remoteGlobalIDString = D37344511EFF78BE001939A7;
			remoteInfo = Bloodhoof;
		};
		D37344751EFF78BE001939A7 /* PBXContainerItemProxy */ = {
			isa = PBXContainerItemProxy;
			containerPortal = D373444A1EFF78BE001939A7 /* Project object */;
			proxyType = 1;
			remoteGlobalIDString = D37344511EFF78BE001939A7;
			remoteInfo = Bloodhoof;
		};
/* End PBXContainerItemProxy section */

/* Begin PBXFileReference section */
		0BEE2197039514B9ABAF68B0 /* Pods_Bloodhoof.framework */ = {isa = PBXFileReference; explicitFileType = wrapper.framework; includeInIndex = 0; path = Pods_Bloodhoof.framework; sourceTree = BUILT_PRODUCTS_DIR; };
		4A2765270A4C5814A0186B69 /* Pods-Bloodhoof.release.xcconfig */ = {isa = PBXFileReference; includeInIndex = 1; lastKnownFileType = text.xcconfig; name = "Pods-Bloodhoof.release.xcconfig"; path = "Pods/Target Support Files/Pods-Bloodhoof/Pods-Bloodhoof.release.xcconfig"; sourceTree = "<group>"; };
		9277570B1F22C9B800A3AF56 /* Set.swift */ = {isa = PBXFileReference; fileEncoding = 4; lastKnownFileType = sourcecode.swift; name = Set.swift; path = Models/Set.swift; sourceTree = "<group>"; };
		927757191F280D5A00A3AF56 /* ProfileMainVC.swift */ = {isa = PBXFileReference; fileEncoding = 4; lastKnownFileType = sourcecode.swift; name = ProfileMainVC.swift; path = Views/Profile/ProfileMainVC.swift; sourceTree = "<group>"; };
		9277571B1F29075D00A3AF56 /* MainTabBarController.swift */ = {isa = PBXFileReference; fileEncoding = 4; lastKnownFileType = sourcecode.swift; name = MainTabBarController.swift; path = Views/MainTabBarController.swift; sourceTree = "<group>"; };
		9277571D1F29506C00A3AF56 /* WorkoutTypeVC.swift */ = {isa = PBXFileReference; fileEncoding = 4; lastKnownFileType = sourcecode.swift; name = WorkoutTypeVC.swift; path = Views/Today/WorkoutTypeVC.swift; sourceTree = "<group>"; };
		927757251F2BB2C100A3AF56 /* WorkoutPlanChoiceVC.swift */ = {isa = PBXFileReference; fileEncoding = 4; lastKnownFileType = sourcecode.swift; name = WorkoutPlanChoiceVC.swift; path = Views/Today/WorkoutPlanChoiceVC.swift; sourceTree = "<group>"; };
		B830F5E203AF09D3D6AC72B4 /* Pods-Bloodhoof.debug.xcconfig */ = {isa = PBXFileReference; includeInIndex = 1; lastKnownFileType = text.xcconfig; name = "Pods-Bloodhoof.debug.xcconfig"; path = "Pods/Target Support Files/Pods-Bloodhoof/Pods-Bloodhoof.debug.xcconfig"; sourceTree = "<group>"; };
		D34694CD1F256B8000921A7D /* DashboardVM.swift */ = {isa = PBXFileReference; fileEncoding = 4; lastKnownFileType = sourcecode.swift; name = DashboardVM.swift; path = ViewModels/Dashboard/DashboardVM.swift; sourceTree = "<group>"; };
		D37344521EFF78BE001939A7 /* Bloodhoof.app */ = {isa = PBXFileReference; explicitFileType = wrapper.application; includeInIndex = 0; path = Bloodhoof.app; sourceTree = BUILT_PRODUCTS_DIR; };
		D37344551EFF78BE001939A7 /* AppDelegate.swift */ = {isa = PBXFileReference; lastKnownFileType = sourcecode.swift; path = AppDelegate.swift; sourceTree = "<group>"; };
		D37344571EFF78BE001939A7 /* DashboardVC.swift */ = {isa = PBXFileReference; lastKnownFileType = sourcecode.swift; name = DashboardVC.swift; path = Views/Dashboard/DashboardVC.swift; sourceTree = "<group>"; };
		D373445A1EFF78BE001939A7 /* Base */ = {isa = PBXFileReference; lastKnownFileType = file.storyboard; name = Base; path = Base.lproj/Main.storyboard; sourceTree = "<group>"; };
		D373445D1EFF78BE001939A7 /* Bloodhoof.xcdatamodel */ = {isa = PBXFileReference; lastKnownFileType = wrapper.xcdatamodel; path = Bloodhoof.xcdatamodel; sourceTree = "<group>"; };
		D373445F1EFF78BE001939A7 /* Assets.xcassets */ = {isa = PBXFileReference; lastKnownFileType = folder.assetcatalog; path = Assets.xcassets; sourceTree = "<group>"; };
		D37344621EFF78BE001939A7 /* Base */ = {isa = PBXFileReference; lastKnownFileType = file.storyboard; name = Base; path = Base.lproj/LaunchScreen.storyboard; sourceTree = "<group>"; };
		D37344641EFF78BE001939A7 /* Info.plist */ = {isa = PBXFileReference; lastKnownFileType = text.plist.xml; path = Info.plist; sourceTree = "<group>"; };
		D37344691EFF78BE001939A7 /* BloodhoofTests.xctest */ = {isa = PBXFileReference; explicitFileType = wrapper.cfbundle; includeInIndex = 0; path = BloodhoofTests.xctest; sourceTree = BUILT_PRODUCTS_DIR; };
		D373446D1EFF78BE001939A7 /* BloodhoofTests.swift */ = {isa = PBXFileReference; lastKnownFileType = sourcecode.swift; path = BloodhoofTests.swift; sourceTree = "<group>"; };
		D373446F1EFF78BE001939A7 /* Info.plist */ = {isa = PBXFileReference; lastKnownFileType = text.plist.xml; path = Info.plist; sourceTree = "<group>"; };
		D37344741EFF78BE001939A7 /* BloodhoofUITests.xctest */ = {isa = PBXFileReference; explicitFileType = wrapper.cfbundle; includeInIndex = 0; path = BloodhoofUITests.xctest; sourceTree = BUILT_PRODUCTS_DIR; };
		D37344781EFF78BE001939A7 /* BloodhoofUITests.swift */ = {isa = PBXFileReference; lastKnownFileType = sourcecode.swift; path = BloodhoofUITests.swift; sourceTree = "<group>"; };
		D373447A1EFF78BE001939A7 /* Info.plist */ = {isa = PBXFileReference; lastKnownFileType = text.plist.xml; path = Info.plist; sourceTree = "<group>"; };
		D3A3995F1F239AEE0079F6E5 /* Exercise.swift */ = {isa = PBXFileReference; fileEncoding = 4; lastKnownFileType = sourcecode.swift; name = Exercise.swift; path = Models/Exercise.swift; sourceTree = "<group>"; };
		D3A399621F239C010079F6E5 /* Constants.swift */ = {isa = PBXFileReference; fileEncoding = 4; lastKnownFileType = sourcecode.swift; name = Constants.swift; path = Utilities/Constants.swift; sourceTree = "<group>"; };
		D3A399641F24C0030079F6E5 /* Body.swift */ = {isa = PBXFileReference; fileEncoding = 4; lastKnownFileType = sourcecode.swift; name = Body.swift; path = Models/Body.swift; sourceTree = "<group>"; };
		D3A399691F261F5E0079F6E5 /* NewWorkoutVC.swift */ = {isa = PBXFileReference; fileEncoding = 4; lastKnownFileType = sourcecode.swift; name = NewWorkoutVC.swift; path = Views/Today/NewWorkoutVC.swift; sourceTree = "<group>"; };
		D3A399711F28CD2B0079F6E5 /* NewWorkoutVM.swift */ = {isa = PBXFileReference; fileEncoding = 4; lastKnownFileType = sourcecode.swift; name = NewWorkoutVM.swift; path = ViewModels/Today/NewWorkoutVM.swift; sourceTree = "<group>"; };
/* End PBXFileReference section */

/* Begin PBXFrameworksBuildPhase section */
		D373444F1EFF78BE001939A7 /* Frameworks */ = {
			isa = PBXFrameworksBuildPhase;
			buildActionMask = 2147483647;
			files = (
				0BF0FC5E08EF294CB2A526B3 /* Pods_Bloodhoof.framework in Frameworks */,
			);
			runOnlyForDeploymentPostprocessing = 0;
		};
		D37344661EFF78BE001939A7 /* Frameworks */ = {
			isa = PBXFrameworksBuildPhase;
			buildActionMask = 2147483647;
			files = (
			);
			runOnlyForDeploymentPostprocessing = 0;
		};
		D37344711EFF78BE001939A7 /* Frameworks */ = {
			isa = PBXFrameworksBuildPhase;
			buildActionMask = 2147483647;
			files = (
			);
			runOnlyForDeploymentPostprocessing = 0;
		};
/* End PBXFrameworksBuildPhase section */

/* Begin PBXGroup section */
		7A606BFC64A47B963CA76CFF /* Frameworks */ = {
			isa = PBXGroup;
			children = (
				0BEE2197039514B9ABAF68B0 /* Pods_Bloodhoof.framework */,
			);
			name = Frameworks;
			sourceTree = "<group>";
		};
		927757091F226C5000A3AF56 /* Dashboard */ = {
			isa = PBXGroup;
			children = (
				D37344571EFF78BE001939A7 /* DashboardVC.swift */,
			);
			name = Dashboard;
			sourceTree = "<group>";
		};
		9277570A1F22C98400A3AF56 /* Models */ = {
			isa = PBXGroup;
			children = (
				D3A399641F24C0030079F6E5 /* Body.swift */,
				D3A3995F1F239AEE0079F6E5 /* Exercise.swift */,
				9277570B1F22C9B800A3AF56 /* Set.swift */,
			);
			name = Models;
			sourceTree = "<group>";
		};
		927757181F280CCD00A3AF56 /* Profile */ = {
			isa = PBXGroup;
			children = (
				927757191F280D5A00A3AF56 /* ProfileMainVC.swift */,
			);
			name = Profile;
			sourceTree = "<group>";
		};
		D37344491EFF78BE001939A7 = {
			isa = PBXGroup;
			children = (
				D37344541EFF78BE001939A7 /* Bloodhoof */,
				D373446C1EFF78BE001939A7 /* BloodhoofTests */,
				D37344771EFF78BE001939A7 /* BloodhoofUITests */,
				D37344531EFF78BE001939A7 /* Products */,
				ED37EE593A6C752FD7A5A6CA /* Pods */,
				7A606BFC64A47B963CA76CFF /* Frameworks */,
			);
			sourceTree = "<group>";
		};
		D37344531EFF78BE001939A7 /* Products */ = {
			isa = PBXGroup;
			children = (
				D37344521EFF78BE001939A7 /* Bloodhoof.app */,
				D37344691EFF78BE001939A7 /* BloodhoofTests.xctest */,
				D37344741EFF78BE001939A7 /* BloodhoofUITests.xctest */,
			);
			name = Products;
			sourceTree = "<group>";
		};
		D37344541EFF78BE001939A7 /* Bloodhoof */ = {
			isa = PBXGroup;
			children = (
				D37344551EFF78BE001939A7 /* AppDelegate.swift */,
				D373445F1EFF78BE001939A7 /* Assets.xcassets */,
				D37344611EFF78BE001939A7 /* LaunchScreen.storyboard */,
				D37344641EFF78BE001939A7 /* Info.plist */,
				D373445C1EFF78BE001939A7 /* Bloodhoof.xcdatamodeld */,
				D3A399611F239BDC0079F6E5 /* Utilities */,
				D3A399671F24ED540079F6E5 /* views */,
				9277570A1F22C98400A3AF56 /* Models */,
				D3A399661F24EB160079F6E5 /* ViewModels */,
			);
			path = Bloodhoof;
			sourceTree = "<group>";
		};
		D373446C1EFF78BE001939A7 /* BloodhoofTests */ = {
			isa = PBXGroup;
			children = (
				D373446D1EFF78BE001939A7 /* BloodhoofTests.swift */,
				D373446F1EFF78BE001939A7 /* Info.plist */,
			);
			path = BloodhoofTests;
			sourceTree = "<group>";
		};
		D37344771EFF78BE001939A7 /* BloodhoofUITests */ = {
			isa = PBXGroup;
			children = (
				D37344781EFF78BE001939A7 /* BloodhoofUITests.swift */,
				D373447A1EFF78BE001939A7 /* Info.plist */,
			);
			path = BloodhoofUITests;
			sourceTree = "<group>";
		};
		D3A399611F239BDC0079F6E5 /* Utilities */ = {
			isa = PBXGroup;
			children = (
				D3A399621F239C010079F6E5 /* Constants.swift */,
			);
			name = Utilities;
			sourceTree = "<group>";
		};
		D3A399661F24EB160079F6E5 /* ViewModels */ = {
			isa = PBXGroup;
			children = (
				D3A3996F1F28CC790079F6E5 /* Dashboard */,
				D3A399701F28CC810079F6E5 /* Today */,
			);
			name = ViewModels;
			sourceTree = "<group>";
		};
		D3A399671F24ED540079F6E5 /* views */ = {
			isa = PBXGroup;
			children = (
				D37344591EFF78BE001939A7 /* Main.storyboard */,
				9277571B1F29075D00A3AF56 /* MainTabBarController.swift */,
				D3A399681F261D600079F6E5 /* Today */,
				927757091F226C5000A3AF56 /* Dashboard */,
				927757181F280CCD00A3AF56 /* Profile */,
			);
			name = views;
			sourceTree = "<group>";
		};
		D3A399681F261D600079F6E5 /* Today */ = {
			isa = PBXGroup;
			children = (
				D3A399691F261F5E0079F6E5 /* NewWorkoutVC.swift */,
				9277571D1F29506C00A3AF56 /* WorkoutTypeVC.swift */,
				927757251F2BB2C100A3AF56 /* WorkoutPlanChoiceVC.swift */,
			);
			name = Today;
			sourceTree = "<group>";
		};
		D3A3996F1F28CC790079F6E5 /* Dashboard */ = {
			isa = PBXGroup;
			children = (
				D34694CD1F256B8000921A7D /* DashboardVM.swift */,
			);
			name = Dashboard;
			sourceTree = "<group>";
		};
		D3A399701F28CC810079F6E5 /* Today */ = {
			isa = PBXGroup;
			children = (
				D3A399711F28CD2B0079F6E5 /* NewWorkoutVM.swift */,
			);
			name = Today;
			sourceTree = "<group>";
		};
		ED37EE593A6C752FD7A5A6CA /* Pods */ = {
			isa = PBXGroup;
			children = (
				B830F5E203AF09D3D6AC72B4 /* Pods-Bloodhoof.debug.xcconfig */,
				4A2765270A4C5814A0186B69 /* Pods-Bloodhoof.release.xcconfig */,
			);
			name = Pods;
			sourceTree = "<group>";
		};
/* End PBXGroup section */

/* Begin PBXNativeTarget section */
		D37344511EFF78BE001939A7 /* Bloodhoof */ = {
			isa = PBXNativeTarget;
			buildConfigurationList = D373447D1EFF78BE001939A7 /* Build configuration list for PBXNativeTarget "Bloodhoof" */;
			buildPhases = (
				D2006898D10A7E4E2735169D /* [CP] Check Pods Manifest.lock */,
				D373444E1EFF78BE001939A7 /* Sources */,
				D373444F1EFF78BE001939A7 /* Frameworks */,
				D37344501EFF78BE001939A7 /* Resources */,
				54656C8F5746E8067373E4B3 /* [CP] Embed Pods Frameworks */,
				C95224FB37F5D866FCEFCA00 /* [CP] Copy Pods Resources */,
			);
			buildRules = (
			);
			dependencies = (
			);
			name = Bloodhoof;
			productName = Bloodhoof;
			productReference = D37344521EFF78BE001939A7 /* Bloodhoof.app */;
			productType = "com.apple.product-type.application";
		};
		D37344681EFF78BE001939A7 /* BloodhoofTests */ = {
			isa = PBXNativeTarget;
			buildConfigurationList = D37344801EFF78BE001939A7 /* Build configuration list for PBXNativeTarget "BloodhoofTests" */;
			buildPhases = (
				D37344651EFF78BE001939A7 /* Sources */,
				D37344661EFF78BE001939A7 /* Frameworks */,
				D37344671EFF78BE001939A7 /* Resources */,
			);
			buildRules = (
			);
			dependencies = (
				D373446B1EFF78BE001939A7 /* PBXTargetDependency */,
			);
			name = BloodhoofTests;
			productName = BloodhoofTests;
			productReference = D37344691EFF78BE001939A7 /* BloodhoofTests.xctest */;
			productType = "com.apple.product-type.bundle.unit-test";
		};
		D37344731EFF78BE001939A7 /* BloodhoofUITests */ = {
			isa = PBXNativeTarget;
			buildConfigurationList = D37344831EFF78BE001939A7 /* Build configuration list for PBXNativeTarget "BloodhoofUITests" */;
			buildPhases = (
				D37344701EFF78BE001939A7 /* Sources */,
				D37344711EFF78BE001939A7 /* Frameworks */,
				D37344721EFF78BE001939A7 /* Resources */,
			);
			buildRules = (
			);
			dependencies = (
				D37344761EFF78BE001939A7 /* PBXTargetDependency */,
			);
			name = BloodhoofUITests;
			productName = BloodhoofUITests;
			productReference = D37344741EFF78BE001939A7 /* BloodhoofUITests.xctest */;
			productType = "com.apple.product-type.bundle.ui-testing";
		};
/* End PBXNativeTarget section */

/* Begin PBXProject section */
		D373444A1EFF78BE001939A7 /* Project object */ = {
			isa = PBXProject;
			attributes = {
				LastSwiftUpdateCheck = 0830;
				LastUpgradeCheck = 0830;
				ORGANIZATIONNAME = "Xiao Yan";
				TargetAttributes = {
					D37344511EFF78BE001939A7 = {
						CreatedOnToolsVersion = 8.3.2;
						DevelopmentTeam = A48E89D852;
						ProvisioningStyle = Automatic;
					};
					D37344681EFF78BE001939A7 = {
						CreatedOnToolsVersion = 8.3.2;
						ProvisioningStyle = Automatic;
						TestTargetID = D37344511EFF78BE001939A7;
					};
					D37344731EFF78BE001939A7 = {
						CreatedOnToolsVersion = 8.3.2;
						ProvisioningStyle = Automatic;
						TestTargetID = D37344511EFF78BE001939A7;
					};
				};
			};
			buildConfigurationList = D373444D1EFF78BE001939A7 /* Build configuration list for PBXProject "Bloodhoof" */;
			compatibilityVersion = "Xcode 3.2";
			developmentRegion = English;
			hasScannedForEncodings = 0;
			knownRegions = (
				en,
				Base,
			);
			mainGroup = D37344491EFF78BE001939A7;
			productRefGroup = D37344531EFF78BE001939A7 /* Products */;
			projectDirPath = "";
			projectRoot = "";
			targets = (
				D37344511EFF78BE001939A7 /* Bloodhoof */,
				D37344681EFF78BE001939A7 /* BloodhoofTests */,
				D37344731EFF78BE001939A7 /* BloodhoofUITests */,
			);
		};
/* End PBXProject section */

/* Begin PBXResourcesBuildPhase section */
		D37344501EFF78BE001939A7 /* Resources */ = {
			isa = PBXResourcesBuildPhase;
			buildActionMask = 2147483647;
			files = (
				D37344631EFF78BE001939A7 /* LaunchScreen.storyboard in Resources */,
				D37344601EFF78BE001939A7 /* Assets.xcassets in Resources */,
				D373445B1EFF78BE001939A7 /* Main.storyboard in Resources */,
			);
			runOnlyForDeploymentPostprocessing = 0;
		};
		D37344671EFF78BE001939A7 /* Resources */ = {
			isa = PBXResourcesBuildPhase;
			buildActionMask = 2147483647;
			files = (
			);
			runOnlyForDeploymentPostprocessing = 0;
		};
		D37344721EFF78BE001939A7 /* Resources */ = {
			isa = PBXResourcesBuildPhase;
			buildActionMask = 2147483647;
			files = (
			);
			runOnlyForDeploymentPostprocessing = 0;
		};
/* End PBXResourcesBuildPhase section */

/* Begin PBXShellScriptBuildPhase section */
		54656C8F5746E8067373E4B3 /* [CP] Embed Pods Frameworks */ = {
			isa = PBXShellScriptBuildPhase;
			buildActionMask = 2147483647;
			files = (
			);
			inputPaths = (
			);
			name = "[CP] Embed Pods Frameworks";
			outputPaths = (
			);
			runOnlyForDeploymentPostprocessing = 0;
			shellPath = /bin/sh;
			shellScript = "\"${SRCROOT}/Pods/Target Support Files/Pods-Bloodhoof/Pods-Bloodhoof-frameworks.sh\"\n";
			showEnvVarsInLog = 0;
		};
		C95224FB37F5D866FCEFCA00 /* [CP] Copy Pods Resources */ = {
			isa = PBXShellScriptBuildPhase;
			buildActionMask = 2147483647;
			files = (
			);
			inputPaths = (
			);
			name = "[CP] Copy Pods Resources";
			outputPaths = (
			);
			runOnlyForDeploymentPostprocessing = 0;
			shellPath = /bin/sh;
			shellScript = "\"${SRCROOT}/Pods/Target Support Files/Pods-Bloodhoof/Pods-Bloodhoof-resources.sh\"\n";
			showEnvVarsInLog = 0;
		};
		D2006898D10A7E4E2735169D /* [CP] Check Pods Manifest.lock */ = {
			isa = PBXShellScriptBuildPhase;
			buildActionMask = 2147483647;
			files = (
			);
			inputPaths = (
			);
			name = "[CP] Check Pods Manifest.lock";
			outputPaths = (
			);
			runOnlyForDeploymentPostprocessing = 0;
			shellPath = /bin/sh;
			shellScript = "diff \"${PODS_PODFILE_DIR_PATH}/Podfile.lock\" \"${PODS_ROOT}/Manifest.lock\" > /dev/null\nif [ $? != 0 ] ; then\n    # print error to STDERR\n    echo \"error: The sandbox is not in sync with the Podfile.lock. Run 'pod install' or update your CocoaPods installation.\" >&2\n    exit 1\nfi\n";
			showEnvVarsInLog = 0;
		};
/* End PBXShellScriptBuildPhase section */

/* Begin PBXSourcesBuildPhase section */
		D373444E1EFF78BE001939A7 /* Sources */ = {
			isa = PBXSourcesBuildPhase;
			buildActionMask = 2147483647;
			files = (
				D3A399601F239AEE0079F6E5 /* Exercise.swift in Sources */,
				D3A3996A1F261F5E0079F6E5 /* NewWorkoutVC.swift in Sources */,
				927757261F2BB2C100A3AF56 /* WorkoutPlanChoiceVC.swift in Sources */,
				9277571A1F280D5A00A3AF56 /* ProfileMainVC.swift in Sources */,
				D3A399651F24C0030079F6E5 /* Body.swift in Sources */,
				9277571E1F29506C00A3AF56 /* WorkoutTypeVC.swift in Sources */,
				9277570C1F22C9B800A3AF56 /* Set.swift in Sources */,
				D3A399721F28CD2B0079F6E5 /* NewWorkoutVM.swift in Sources */,
				D37344581EFF78BE001939A7 /* DashboardVC.swift in Sources */,
				D37344561EFF78BE001939A7 /* AppDelegate.swift in Sources */,
				D373445E1EFF78BE001939A7 /* Bloodhoof.xcdatamodeld in Sources */,
				D3A399631F239C010079F6E5 /* Constants.swift in Sources */,
				D34694CE1F256B8000921A7D /* DashboardVM.swift in Sources */,
				9277571C1F29075D00A3AF56 /* MainTabBarController.swift in Sources */,
			);
			runOnlyForDeploymentPostprocessing = 0;
		};
		D37344651EFF78BE001939A7 /* Sources */ = {
			isa = PBXSourcesBuildPhase;
			buildActionMask = 2147483647;
			files = (
				D373446E1EFF78BE001939A7 /* BloodhoofTests.swift in Sources */,
			);
			runOnlyForDeploymentPostprocessing = 0;
		};
		D37344701EFF78BE001939A7 /* Sources */ = {
			isa = PBXSourcesBuildPhase;
			buildActionMask = 2147483647;
			files = (
				D37344791EFF78BE001939A7 /* BloodhoofUITests.swift in Sources */,
			);
			runOnlyForDeploymentPostprocessing = 0;
		};
/* End PBXSourcesBuildPhase section */

/* Begin PBXTargetDependency section */
		D373446B1EFF78BE001939A7 /* PBXTargetDependency */ = {
			isa = PBXTargetDependency;
			target = D37344511EFF78BE001939A7 /* Bloodhoof */;
			targetProxy = D373446A1EFF78BE001939A7 /* PBXContainerItemProxy */;
		};
		D37344761EFF78BE001939A7 /* PBXTargetDependency */ = {
			isa = PBXTargetDependency;
			target = D37344511EFF78BE001939A7 /* Bloodhoof */;
			targetProxy = D37344751EFF78BE001939A7 /* PBXContainerItemProxy */;
		};
/* End PBXTargetDependency section */

/* Begin PBXVariantGroup section */
		D37344591EFF78BE001939A7 /* Main.storyboard */ = {
			isa = PBXVariantGroup;
			children = (
				D373445A1EFF78BE001939A7 /* Base */,
			);
			name = Main.storyboard;
			sourceTree = "<group>";
		};
		D37344611EFF78BE001939A7 /* LaunchScreen.storyboard */ = {
			isa = PBXVariantGroup;
			children = (
				D37344621EFF78BE001939A7 /* Base */,
			);
			name = LaunchScreen.storyboard;
			sourceTree = "<group>";
		};
/* End PBXVariantGroup section */

/* Begin XCBuildConfiguration section */
		D373447B1EFF78BE001939A7 /* Debug */ = {
			isa = XCBuildConfiguration;
			buildSettings = {
				ALWAYS_SEARCH_USER_PATHS = NO;
				CLANG_ANALYZER_NONNULL = YES;
				CLANG_ANALYZER_NUMBER_OBJECT_CONVERSION = YES_AGGRESSIVE;
				CLANG_CXX_LANGUAGE_STANDARD = "gnu++0x";
				CLANG_CXX_LIBRARY = "libc++";
				CLANG_ENABLE_MODULES = YES;
				CLANG_ENABLE_OBJC_ARC = YES;
				CLANG_WARN_BOOL_CONVERSION = YES;
				CLANG_WARN_CONSTANT_CONVERSION = YES;
				CLANG_WARN_DIRECT_OBJC_ISA_USAGE = YES_ERROR;
				CLANG_WARN_DOCUMENTATION_COMMENTS = YES;
				CLANG_WARN_EMPTY_BODY = YES;
				CLANG_WARN_ENUM_CONVERSION = YES;
				CLANG_WARN_INFINITE_RECURSION = YES;
				CLANG_WARN_INT_CONVERSION = YES;
				CLANG_WARN_OBJC_ROOT_CLASS = YES_ERROR;
				CLANG_WARN_SUSPICIOUS_MOVE = YES;
				CLANG_WARN_UNREACHABLE_CODE = YES;
				CLANG_WARN__DUPLICATE_METHOD_MATCH = YES;
				"CODE_SIGN_IDENTITY[sdk=iphoneos*]" = "iPhone Developer";
				COPY_PHASE_STRIP = NO;
				DEBUG_INFORMATION_FORMAT = dwarf;
				ENABLE_STRICT_OBJC_MSGSEND = YES;
				ENABLE_TESTABILITY = YES;
				GCC_C_LANGUAGE_STANDARD = gnu99;
				GCC_DYNAMIC_NO_PIC = NO;
				GCC_NO_COMMON_BLOCKS = YES;
				GCC_OPTIMIZATION_LEVEL = 0;
				GCC_PREPROCESSOR_DEFINITIONS = (
					"DEBUG=1",
					"$(inherited)",
				);
				GCC_WARN_64_TO_32_BIT_CONVERSION = YES;
				GCC_WARN_ABOUT_RETURN_TYPE = YES_ERROR;
				GCC_WARN_UNDECLARED_SELECTOR = YES;
				GCC_WARN_UNINITIALIZED_AUTOS = YES_AGGRESSIVE;
				GCC_WARN_UNUSED_FUNCTION = YES;
				GCC_WARN_UNUSED_VARIABLE = YES;
				IPHONEOS_DEPLOYMENT_TARGET = 10.3;
				MTL_ENABLE_DEBUG_INFO = YES;
				ONLY_ACTIVE_ARCH = YES;
				SDKROOT = iphoneos;
				SWIFT_ACTIVE_COMPILATION_CONDITIONS = DEBUG;
				SWIFT_OPTIMIZATION_LEVEL = "-Onone";
				TARGETED_DEVICE_FAMILY = "1,2";
			};
			name = Debug;
		};
		D373447C1EFF78BE001939A7 /* Release */ = {
			isa = XCBuildConfiguration;
			buildSettings = {
				ALWAYS_SEARCH_USER_PATHS = NO;
				CLANG_ANALYZER_NONNULL = YES;
				CLANG_ANALYZER_NUMBER_OBJECT_CONVERSION = YES_AGGRESSIVE;
				CLANG_CXX_LANGUAGE_STANDARD = "gnu++0x";
				CLANG_CXX_LIBRARY = "libc++";
				CLANG_ENABLE_MODULES = YES;
				CLANG_ENABLE_OBJC_ARC = YES;
				CLANG_WARN_BOOL_CONVERSION = YES;
				CLANG_WARN_CONSTANT_CONVERSION = YES;
				CLANG_WARN_DIRECT_OBJC_ISA_USAGE = YES_ERROR;
				CLANG_WARN_DOCUMENTATION_COMMENTS = YES;
				CLANG_WARN_EMPTY_BODY = YES;
				CLANG_WARN_ENUM_CONVERSION = YES;
				CLANG_WARN_INFINITE_RECURSION = YES;
				CLANG_WARN_INT_CONVERSION = YES;
				CLANG_WARN_OBJC_ROOT_CLASS = YES_ERROR;
				CLANG_WARN_SUSPICIOUS_MOVE = YES;
				CLANG_WARN_UNREACHABLE_CODE = YES;
				CLANG_WARN__DUPLICATE_METHOD_MATCH = YES;
				"CODE_SIGN_IDENTITY[sdk=iphoneos*]" = "iPhone Developer";
				COPY_PHASE_STRIP = NO;
				DEBUG_INFORMATION_FORMAT = "dwarf-with-dsym";
				ENABLE_NS_ASSERTIONS = NO;
				ENABLE_STRICT_OBJC_MSGSEND = YES;
				GCC_C_LANGUAGE_STANDARD = gnu99;
				GCC_NO_COMMON_BLOCKS = YES;
				GCC_WARN_64_TO_32_BIT_CONVERSION = YES;
				GCC_WARN_ABOUT_RETURN_TYPE = YES_ERROR;
				GCC_WARN_UNDECLARED_SELECTOR = YES;
				GCC_WARN_UNINITIALIZED_AUTOS = YES_AGGRESSIVE;
				GCC_WARN_UNUSED_FUNCTION = YES;
				GCC_WARN_UNUSED_VARIABLE = YES;
				IPHONEOS_DEPLOYMENT_TARGET = 10.3;
				MTL_ENABLE_DEBUG_INFO = NO;
				SDKROOT = iphoneos;
				SWIFT_OPTIMIZATION_LEVEL = "-Owholemodule";
				TARGETED_DEVICE_FAMILY = "1,2";
				VALIDATE_PRODUCT = YES;
			};
			name = Release;
		};
		D373447E1EFF78BE001939A7 /* Debug */ = {
			isa = XCBuildConfiguration;
			baseConfigurationReference = B830F5E203AF09D3D6AC72B4 /* Pods-Bloodhoof.debug.xcconfig */;
			buildSettings = {
				ASSETCATALOG_COMPILER_APPICON_NAME = AppIcon;
				DEVELOPMENT_TEAM = A48E89D852;
				INFOPLIST_FILE = Bloodhoof/Info.plist;
				LD_RUNPATH_SEARCH_PATHS = "$(inherited) @executable_path/Frameworks";
				PRODUCT_BUNDLE_IDENTIFIER = xiao.Bloodhoof;
				PRODUCT_NAME = "$(TARGET_NAME)";
				SWIFT_VERSION = 3.0;
			};
			name = Debug;
		};
		D373447F1EFF78BE001939A7 /* Release */ = {
			isa = XCBuildConfiguration;
			baseConfigurationReference = 4A2765270A4C5814A0186B69 /* Pods-Bloodhoof.release.xcconfig */;
			buildSettings = {
				ASSETCATALOG_COMPILER_APPICON_NAME = AppIcon;
				DEVELOPMENT_TEAM = A48E89D852;
				INFOPLIST_FILE = Bloodhoof/Info.plist;
				LD_RUNPATH_SEARCH_PATHS = "$(inherited) @executable_path/Frameworks";
				PRODUCT_BUNDLE_IDENTIFIER = xiao.Bloodhoof;
				PRODUCT_NAME = "$(TARGET_NAME)";
				SWIFT_VERSION = 3.0;
			};
			name = Release;
		};
		D37344811EFF78BE001939A7 /* Debug */ = {
			isa = XCBuildConfiguration;
			buildSettings = {
				ALWAYS_EMBED_SWIFT_STANDARD_LIBRARIES = YES;
				BUNDLE_LOADER = "$(TEST_HOST)";
				INFOPLIST_FILE = BloodhoofTests/Info.plist;
				LD_RUNPATH_SEARCH_PATHS = "$(inherited) @executable_path/Frameworks @loader_path/Frameworks";
				PRODUCT_BUNDLE_IDENTIFIER = xiao.BloodhoofTests;
				PRODUCT_NAME = "$(TARGET_NAME)";
				SWIFT_VERSION = 3.0;
				TEST_HOST = "$(BUILT_PRODUCTS_DIR)/Bloodhoof.app/Bloodhoof";
			};
			name = Debug;
		};
		D37344821EFF78BE001939A7 /* Release */ = {
			isa = XCBuildConfiguration;
			buildSettings = {
				ALWAYS_EMBED_SWIFT_STANDARD_LIBRARIES = YES;
				BUNDLE_LOADER = "$(TEST_HOST)";
				INFOPLIST_FILE = BloodhoofTests/Info.plist;
				LD_RUNPATH_SEARCH_PATHS = "$(inherited) @executable_path/Frameworks @loader_path/Frameworks";
				PRODUCT_BUNDLE_IDENTIFIER = xiao.BloodhoofTests;
				PRODUCT_NAME = "$(TARGET_NAME)";
				SWIFT_VERSION = 3.0;
				TEST_HOST = "$(BUILT_PRODUCTS_DIR)/Bloodhoof.app/Bloodhoof";
			};
			name = Release;
		};
		D37344841EFF78BE001939A7 /* Debug */ = {
			isa = XCBuildConfiguration;
			buildSettings = {
				ALWAYS_EMBED_SWIFT_STANDARD_LIBRARIES = YES;
				INFOPLIST_FILE = BloodhoofUITests/Info.plist;
				LD_RUNPATH_SEARCH_PATHS = "$(inherited) @executable_path/Frameworks @loader_path/Frameworks";
				PRODUCT_BUNDLE_IDENTIFIER = xiao.BloodhoofUITests;
				PRODUCT_NAME = "$(TARGET_NAME)";
				SWIFT_VERSION = 3.0;
				TEST_TARGET_NAME = Bloodhoof;
			};
			name = Debug;
		};
		D37344851EFF78BE001939A7 /* Release */ = {
			isa = XCBuildConfiguration;
			buildSettings = {
				ALWAYS_EMBED_SWIFT_STANDARD_LIBRARIES = YES;
				INFOPLIST_FILE = BloodhoofUITests/Info.plist;
				LD_RUNPATH_SEARCH_PATHS = "$(inherited) @executable_path/Frameworks @loader_path/Frameworks";
				PRODUCT_BUNDLE_IDENTIFIER = xiao.BloodhoofUITests;
				PRODUCT_NAME = "$(TARGET_NAME)";
				SWIFT_VERSION = 3.0;
				TEST_TARGET_NAME = Bloodhoof;
			};
			name = Release;
		};
/* End XCBuildConfiguration section */

/* Begin XCConfigurationList section */
		D373444D1EFF78BE001939A7 /* Build configuration list for PBXProject "Bloodhoof" */ = {
			isa = XCConfigurationList;
			buildConfigurations = (
				D373447B1EFF78BE001939A7 /* Debug */,
				D373447C1EFF78BE001939A7 /* Release */,
			);
			defaultConfigurationIsVisible = 0;
			defaultConfigurationName = Release;
		};
		D373447D1EFF78BE001939A7 /* Build configuration list for PBXNativeTarget "Bloodhoof" */ = {
			isa = XCConfigurationList;
			buildConfigurations = (
				D373447E1EFF78BE001939A7 /* Debug */,
				D373447F1EFF78BE001939A7 /* Release */,
			);
			defaultConfigurationIsVisible = 0;
			defaultConfigurationName = Release;
		};
		D37344801EFF78BE001939A7 /* Build configuration list for PBXNativeTarget "BloodhoofTests" */ = {
			isa = XCConfigurationList;
			buildConfigurations = (
				D37344811EFF78BE001939A7 /* Debug */,
				D37344821EFF78BE001939A7 /* Release */,
			);
			defaultConfigurationIsVisible = 0;
			defaultConfigurationName = Release;
		};
		D37344831EFF78BE001939A7 /* Build configuration list for PBXNativeTarget "BloodhoofUITests" */ = {
			isa = XCConfigurationList;
			buildConfigurations = (
				D37344841EFF78BE001939A7 /* Debug */,
				D37344851EFF78BE001939A7 /* Release */,
			);
			defaultConfigurationIsVisible = 0;
			defaultConfigurationName = Release;
		};
/* End XCConfigurationList section */

/* Begin XCVersionGroup section */
		D373445C1EFF78BE001939A7 /* Bloodhoof.xcdatamodeld */ = {
			isa = XCVersionGroup;
			children = (
				D373445D1EFF78BE001939A7 /* Bloodhoof.xcdatamodel */,
			);
			currentVersion = D373445D1EFF78BE001939A7 /* Bloodhoof.xcdatamodel */;
			path = Bloodhoof.xcdatamodeld;
			sourceTree = "<group>";
			versionGroupType = wrapper.xcdatamodel;
		};
/* End XCVersionGroup section */
	};
	rootObject = D373444A1EFF78BE001939A7 /* Project object */;
}
